
Microsoft Visual Studio Solution File, Format Version 12.00
# Visual Studio 15
VisualStudioVersion = 15.0.27428.1
MinimumVisualStudioVersion = 10.0.40219.1
Project("{8BC9CEB8-8B4A-11D0-8D11-00A0C91BC942}") = "OpenGL3", "OpenGL3\OpenGL3.vcxproj", "{3007EE3B-C447-4992-8773-FF50C9BCB157}"
EndProject
Project("{FAE04EC0-301F-11D3-BF4B-00C04F79EFBC}") = "GLDrawer", "GLDrawer\GLDrawer\GLDrawer.csproj", "{C23ADDB4-EA76-4B3C-8B65-02D3CAB80BF2}"
EndProject
Project("{FAE04EC0-301F-11D3-BF4B-00C04F79EFBC}") = "GLDrawerDemos", "GLDrawerDemos\GLDrawerDemos.csproj", "{C75A0DAE-100A-481A-AB00-B6D1F9E2F55A}"
EndProject
Project("{8BC9CEB8-8B4A-11D0-8D11-00A0C91BC942}") = "GLDrawerCLR", "GLDrawerCLR\Gl3DrawerCLR.vcxproj", "{67461BF0-73BD-46F3-A9C2-692FBE8F93F5}"
EndProject
Global
	GlobalSection(SolutionConfigurationPlatforms) = preSolution
		Debug|Any CPU = Debug|Any CPU
		Debug|x64 = Debug|x64
		Debug|x86 = Debug|x86
		Release|Any CPU = Release|Any CPU
		Release|x64 = Release|x64
		Release|x86 = Release|x86
	EndGlobalSection
	GlobalSection(ProjectConfigurationPlatforms) = postSolution
		{3007EE3B-C447-4992-8773-FF50C9BCB157}.Debug|Any CPU.ActiveCfg = Debug|Win32
		{3007EE3B-C447-4992-8773-FF50C9BCB157}.Debug|Any CPU.Build.0 = Debug|Win32
		{3007EE3B-C447-4992-8773-FF50C9BCB157}.Debug|x64.ActiveCfg = Debug|x64
		{3007EE3B-C447-4992-8773-FF50C9BCB157}.Debug|x64.Build.0 = Debug|x64
		{3007EE3B-C447-4992-8773-FF50C9BCB157}.Debug|x86.ActiveCfg = Debug|Win32
		{3007EE3B-C447-4992-8773-FF50C9BCB157}.Debug|x86.Build.0 = Debug|Win32
		{3007EE3B-C447-4992-8773-FF50C9BCB157}.Release|Any CPU.ActiveCfg = Release|Win32
		{3007EE3B-C447-4992-8773-FF50C9BCB157}.Release|x64.ActiveCfg = Release|x64
		{3007EE3B-C447-4992-8773-FF50C9BCB157}.Release|x64.Build.0 = Release|x64
		{3007EE3B-C447-4992-8773-FF50C9BCB157}.Release|x86.ActiveCfg = Release|Win32
		{3007EE3B-C447-4992-8773-FF50C9BCB157}.Release|x86.Build.0 = Release|Win32
		{C23ADDB4-EA76-4B3C-8B65-02D3CAB80BF2}.Debug|Any CPU.ActiveCfg = Debug|Any CPU
		{C23ADDB4-EA76-4B3C-8B65-02D3CAB80BF2}.Debug|Any CPU.Build.0 = Debug|Any CPU
		{C23ADDB4-EA76-4B3C-8B65-02D3CAB80BF2}.Debug|x64.ActiveCfg = Debug|Any CPU
		{C23ADDB4-EA76-4B3C-8B65-02D3CAB80BF2}.Debug|x64.Build.0 = Debug|Any CPU
		{C23ADDB4-EA76-4B3C-8B65-02D3CAB80BF2}.Debug|x86.ActiveCfg = Debug|x86
		{C23ADDB4-EA76-4B3C-8B65-02D3CAB80BF2}.Debug|x86.Build.0 = Debug|x86
		{C23ADDB4-EA76-4B3C-8B65-02D3CAB80BF2}.Release|Any CPU.ActiveCfg = Release|x86
		{C23ADDB4-EA76-4B3C-8B65-02D3CAB80BF2}.Release|Any CPU.Build.0 = Release|x86
		{C23ADDB4-EA76-4B3C-8B65-02D3CAB80BF2}.Release|x64.ActiveCfg = Release|Any CPU
		{C23ADDB4-EA76-4B3C-8B65-02D3CAB80BF2}.Release|x64.Build.0 = Release|Any CPU
		{C23ADDB4-EA76-4B3C-8B65-02D3CAB80BF2}.Release|x86.ActiveCfg = Release|x86
		{C23ADDB4-EA76-4B3C-8B65-02D3CAB80BF2}.Release|x86.Build.0 = Release|x86
		{C75A0DAE-100A-481A-AB00-B6D1F9E2F55A}.Debug|Any CPU.ActiveCfg = Debug|Any CPU
		{C75A0DAE-100A-481A-AB00-B6D1F9E2F55A}.Debug|Any CPU.Build.0 = Debug|Any CPU
		{C75A0DAE-100A-481A-AB00-B6D1F9E2F55A}.Debug|x64.ActiveCfg = Debug|Any CPU
		{C75A0DAE-100A-481A-AB00-B6D1F9E2F55A}.Debug|x64.Build.0 = Debug|Any CPU
		{C75A0DAE-100A-481A-AB00-B6D1F9E2F55A}.Debug|x86.ActiveCfg = Debug|Any CPU
		{C75A0DAE-100A-481A-AB00-B6D1F9E2F55A}.Debug|x86.Build.0 = Debug|Any CPU
		{C75A0DAE-100A-481A-AB00-B6D1F9E2F55A}.Release|Any CPU.ActiveCfg = Release|Any CPU
		{C75A0DAE-100A-481A-AB00-B6D1F9E2F55A}.Release|Any CPU.Build.0 = Release|Any CPU
		{C75A0DAE-100A-481A-AB00-B6D1F9E2F55A}.Release|x64.ActiveCfg = Release|Any CPU
		{C75A0DAE-100A-481A-AB00-B6D1F9E2F55A}.Release|x64.Build.0 = Release|Any CPU
		{C75A0DAE-100A-481A-AB00-B6D1F9E2F55A}.Release|x86.ActiveCfg = Release|Any CPU
		{C75A0DAE-100A-481A-AB00-B6D1F9E2F55A}.Release|x86.Build.0 = Release|Any CPU
		{67461BF0-73BD-46F3-A9C2-692FBE8F93F5}.Debug|Any CPU.ActiveCfg = Debug|Win32
		{67461BF0-73BD-46F3-A9C2-692FBE8F93F5}.Debug|Any CPU.Build.0 = Debug|Win32
		{67461BF0-73BD-46F3-A9C2-692FBE8F93F5}.Debug|x64.ActiveCfg = Debug|x64
		{67461BF0-73BD-46F3-A9C2-692FBE8F93F5}.Debug|x64.Build.0 = Debug|x64
		{67461BF0-73BD-46F3-A9C2-692FBE8F93F5}.Debug|x86.ActiveCfg = Debug|Win32
		{67461BF0-73BD-46F3-A9C2-692FBE8F93F5}.Debug|x86.Build.0 = Debug|Win32
		{67461BF0-73BD-46F3-A9C2-692FBE8F93F5}.Release|Any CPU.ActiveCfg = Release|Win32
		{67461BF0-73BD-46F3-A9C2-692FBE8F93F5}.Release|x64.ActiveCfg = Release|x64
		{67461BF0-73BD-46F3-A9C2-692FBE8F93F5}.Release|x64.Build.0 = Release|x64
		{67461BF0-73BD-46F3-A9C2-692FBE8F93F5}.Release|x86.ActiveCfg = Release|Win32
		{67461BF0-73BD-46F3-A9C2-692FBE8F93F5}.Release|x86.Build.0 = Release|Win32
	EndGlobalSection
	GlobalSection(SolutionProperties) = preSolution
		HideSolutionNode = FALSE
	EndGlobalSection
	GlobalSection(ExtensibilityGlobals) = postSolution
		SolutionGuid = {93774757-6560-427D-B9CC-3CDD8F25EB7E}
	EndGlobalSection
EndGlobal
